
Microsoft Visual Studio Solution File, Format Version 12.00
# Visual Studio Version 17
VisualStudioVersion = 17.12.35527.113 d17.12
MinimumVisualStudioVersion = 10.0.40219.1
Project("{FAE04EC0-301F-11D3-BF4B-00C04F79EFBC}") = "LucStepperMotorControl", "LucStepperMotorControl\LucStepperMotorControl.csproj", "{293B67F3-7064-4851-B77E-3E96780AE677}"
EndProject
Project("{FAE04EC0-301F-11D3-BF4B-00C04F79EFBC}") = "LucMotion", "LucMotion\LucMotion.csproj", "{4849097D-046B-4305-98C7-ABFD328DB849}"
EndProject
Project("{FAE04EC0-301F-11D3-BF4B-00C04F79EFBC}") = "LucCommon", "LucCommon\LucCommon.csproj", "{8B7D28AC-E209-4D41-9BB0-BACFF2C6A020}"
EndProject
Global
	GlobalSection(SolutionConfigurationPlatforms) = preSolution
		Debug|Any CPU = Debug|Any CPU
		Release|Any CPU = Release|Any CPU
	EndGlobalSection
	GlobalSection(ProjectConfigurationPlatforms) = postSolution
		{293B67F3-7064-4851-B77E-3E96780AE677}.Debug|Any CPU.ActiveCfg = Debug|Any CPU
		{293B67F3-7064-4851-B77E-3E96780AE677}.Debug|Any CPU.Build.0 = Debug|Any CPU
		{293B67F3-7064-4851-B77E-3E96780AE677}.Release|Any CPU.ActiveCfg = Release|Any CPU
		{293B67F3-7064-4851-B77E-3E96780AE677}.Release|Any CPU.Build.0 = Release|Any CPU
		{4849097D-046B-4305-98C7-ABFD328DB849}.Debug|Any CPU.ActiveCfg = Debug|Any CPU
		{4849097D-046B-4305-98C7-ABFD328DB849}.Debug|Any CPU.Build.0 = Debug|Any CPU
		{4849097D-046B-4305-98C7-ABFD328DB849}.Release|Any CPU.ActiveCfg = Release|Any CPU
		{4849097D-046B-4305-98C7-ABFD328DB849}.Release|Any CPU.Build.0 = Release|Any CPU
		{8B7D28AC-E209-4D41-9BB0-BACFF2C6A020}.Debug|Any CPU.ActiveCfg = Debug|Any CPU
		{8B7D28AC-E209-4D41-9BB0-BACFF2C6A020}.Debug|Any CPU.Build.0 = Debug|Any CPU
		{8B7D28AC-E209-4D41-9BB0-BACFF2C6A020}.Release|Any CPU.ActiveCfg = Release|Any CPU
		{8B7D28AC-E209-4D41-9BB0-BACFF2C6A020}.Release|Any CPU.Build.0 = Release|Any CPU
	EndGlobalSection
	GlobalSection(SolutionProperties) = preSolution
		HideSolutionNode = FALSE
	EndGlobalSection
EndGlobal
